
Microsoft Visual Studio Solution File, Format Version 12.00
# Visual Studio Version 17
VisualStudioVersion = 17.10.35027.167
MinimumVisualStudioVersion = 10.0.40219.1
Project("{FAE04EC0-301F-11D3-BF4B-00C04F79EFBC}") = "S3LargeFileSandbox", "S3LargeFileSandbox\S3LargeFileSandbox.csproj", "{B02CC33E-87CE-4AC7-BD79-A1381365BCDB}"
EndProject
Global
	GlobalSection(SolutionConfigurationPlatforms) = preSolution
		Debug|Any CPU = Debug|Any CPU
		Release|Any CPU = Release|Any CPU
	EndGlobalSection
	GlobalSection(ProjectConfigurationPlatforms) = postSolution
		{B02CC33E-87CE-4AC7-BD79-A1381365BCDB}.Debug|Any CPU.ActiveCfg = Debug|Any CPU
		{B02CC33E-87CE-4AC7-BD79-A1381365BCDB}.Debug|Any CPU.Build.0 = Debug|Any CPU
		{B02CC33E-87CE-4AC7-BD79-A1381365BCDB}.Release|Any CPU.ActiveCfg = Release|Any CPU
		{B02CC33E-87CE-4AC7-BD79-A1381365BCDB}.Release|Any CPU.Build.0 = Release|Any CPU
	EndGlobalSection
	GlobalSection(SolutionProperties) = preSolution
		HideSolutionNode = FALSE
	EndGlobalSection
	GlobalSection(ExtensibilityGlobals) = postSolution
		SolutionGuid = {56BB6F14-CC88-462F-A78A-0DCE99E6FE48}
	EndGlobalSection
EndGlobal
